
Microsoft Visual Studio Solution File, Format Version 12.00
# Visual Studio Version 17
VisualStudioVersion = 17.4.33110.190
MinimumVisualStudioVersion = 10.0.40219.1
Project("{9A19103F-16F7-4668-BE54-9A1E7A4F7556}") = "Calendar", "calendar\Calendar.csproj", "{D3435AD5-3637-45BF-ADA9-EE8367A3CB01}"
EndProject
Global
	GlobalSection(SolutionConfigurationPlatforms) = preSolution
		Debug|Any CPU = Debug|Any CPU
		Release|Any CPU = Release|Any CPU
	EndGlobalSection
	GlobalSection(ProjectConfigurationPlatforms) = postSolution
		{D3435AD5-3637-45BF-ADA9-EE8367A3CB01}.Debug|Any CPU.ActiveCfg = Debug|Any CPU
		{D3435AD5-3637-45BF-ADA9-EE8367A3CB01}.Debug|Any CPU.Build.0 = Debug|Any CPU
		{D3435AD5-3637-45BF-ADA9-EE8367A3CB01}.Release|Any CPU.ActiveCfg = Release|Any CPU
		{D3435AD5-3637-45BF-ADA9-EE8367A3CB01}.Release|Any CPU.Build.0 = Release|Any CPU
	EndGlobalSection
	GlobalSection(SolutionProperties) = preSolution
		HideSolutionNode = FALSE
	EndGlobalSection
	GlobalSection(ExtensibilityGlobals) = postSolution
		SolutionGuid = {32D3D262-750D-40F2-9396-C3A5FFCC5E0C}
	EndGlobalSection
EndGlobal
